{
  "name": "ticdc-docs",
  "version": "0.0.0",
  "lockfileVersion": 2,
  "requires": true,
  "packages": {
    "": {
      "name": "ticdc-docs",
      "version": "0.0.0",
      "license": "Apache-2.0",
      "devDependencies": {
        "husky": "^5.0.9",
        "prettier": "^2.2.1"
      }
    },
    "node_modules/husky": {
      "version": "5.2.0",
      "resolved": "https://registry.nlark.com/husky/download/husky-5.2.0.tgz?cache=0&sync_timestamp=1629854757720&other_urls=https%3A%2F%2Fregistry.nlark.com%2Fhusky%2Fdownload%2Fhusky-5.2.0.tgz",
      "integrity": "sha1-/F4cIwDTSFXUfeR1NgfQCUP8CAI=",
      "dev": true,
      "funding": [
        {
          "type": "github",
          "url": "https://github.com/sponsors/typicode"
        },
        {
          "type": "opencollective",
          "url": "https://opencollective.com/husky"
        }
      ],
      "bin": {
        "husky": "lib/bin.js"
      },
      "engines": {
        "node": ">= 10"
      }
    },
    "node_modules/prettier": {
      "version": "2.4.1",
      "resolved": "https://registry.nlark.com/prettier/download/prettier-2.4.1.tgz?cache=0&sync_timestamp=1631777154625&other_urls=https%3A%2F%2Fregistry.nlark.com%2Fprettier%2Fdownload%2Fprettier-2.4.1.tgz",
      "integrity": "sha1-Zx4RyJwUpM/Ids5WQQbEpnJsn1w=",
      "dev": true,
      "bin": {
        "prettier": "bin-prettier.js"
      },
      "engines": {
        "node": ">=10.13.0"
      }
    }
  },
  "dependencies": {
    "husky": {
      "version": "5.2.0",
      "resolved": "https://registry.nlark.com/husky/download/husky-5.2.0.tgz?cache=0&sync_timestamp=1629854757720&other_urls=https%3A%2F%2Fregistry.nlark.com%2Fhusky%2Fdownload%2Fhusky-5.2.0.tgz",
      "integrity": "sha1-/F4cIwDTSFXUfeR1NgfQCUP8CAI=",
      "dev": true
    },
    "prettier": {
      "version": "2.4.1",
      "resolved": "https://registry.nlark.com/prettier/download/prettier-2.4.1.tgz?cache=0&sync_timestamp=1631777154625&other_urls=https%3A%2F%2Fregistry.nlark.com%2Fprettier%2Fdownload%2Fprettier-2.4.1.tgz",
      "integrity": "sha1-Zx4RyJwUpM/Ids5WQQbEpnJsn1w=",
      "dev": true
    }
  }
}
