{
  "name": "ticdc-docs",
  "version": "0.0.0",
  "lockfileVersion": 1,
  "requires": true,
  "dependencies": {
    "husky": {
      "version": "5.2.0",
      "resolved": "https://registry.nlark.com/husky/download/husky-5.2.0.tgz?cache=0&sync_timestamp=1629854757720&other_urls=https%3A%2F%2Fregistry.nlark.com%2Fhusky%2Fdownload%2Fhusky-5.2.0.tgz",
      "integrity": "sha1-/F4cIwDTSFXUfeR1NgfQCUP8CAI=",
      "dev": true
    },
    "prettier": {
      "version": "2.4.1",
      "resolved": "https://registry.nlark.com/prettier/download/prettier-2.4.1.tgz?cache=0&sync_timestamp=1631777154625&other_urls=https%3A%2F%2Fregistry.nlark.com%2Fprettier%2Fdownload%2Fprettier-2.4.1.tgz",
      "integrity": "sha1-Zx4RyJwUpM/Ids5WQQbEpnJsn1w=",
      "dev": true
    }
  }
}
