{
  "name": "ticdc-docs",
  "version": "0.0.0",
  "lockfileVersion": 1,
  "requires": true,
  "dependencies": {
    "husky": {
      "version": "5.2.0",
      "resolved": "https://registry.nlark.com/husky/download/husky-5.2.0.tgz?cache=0&sync_timestamp=1629854757720&other_urls=https%3A%2F%2Fregistry.nlark.com%2Fhusky%2Fdownload%2Fhusky-5.2.0.tgz",
      "integrity": "sha1-/F4cIwDTSFXUfeR1NgfQCUP8CAI=",
      "dev": true
    },
    "prettier": {
      "version": "2.8.8",
      "resolved": "https://registry.npmmirror.com/prettier/-/prettier-2.8.8.tgz",
      "integrity": "sha512-tdN8qQGvNjw4CHbY+XXk0JgCXn9QiF21a55rBe5LJAU+kDyC4WQn4+awm2Xfk2lQMk5fKup9XgzTZtGkjBdP9Q==",
      "dev": true
    }
  }
}
